
Microsoft Visual Studio Solution File, Format Version 12.00
# Visual Studio Version 17
VisualStudioVersion = 17.7.34024.191
MinimumVisualStudioVersion = 10.0.40219.1
Project("{FAE04EC0-301F-11D3-BF4B-00C04F79EFBC}") = "Presentacion", "Prestamos_deportivos\Presentacion.csproj", "{23D20CEE-7F6D-4CEC-BCD5-DAD4E60EA6C1}"
EndProject
Project("{FAE04EC0-301F-11D3-BF4B-00C04F79EFBC}") = "Negocio", "Negocio\Negocio.csproj", "{10D93908-AE59-4B59-A030-37450194F303}"
EndProject
Global
	GlobalSection(SolutionConfigurationPlatforms) = preSolution
		Debug|Any CPU = Debug|Any CPU
		Release|Any CPU = Release|Any CPU
	EndGlobalSection
	GlobalSection(ProjectConfigurationPlatforms) = postSolution
		{23D20CEE-7F6D-4CEC-BCD5-DAD4E60EA6C1}.Debug|Any CPU.ActiveCfg = Debug|Any CPU
		{23D20CEE-7F6D-4CEC-BCD5-DAD4E60EA6C1}.Debug|Any CPU.Build.0 = Debug|Any CPU
		{23D20CEE-7F6D-4CEC-BCD5-DAD4E60EA6C1}.Release|Any CPU.ActiveCfg = Release|Any CPU
		{23D20CEE-7F6D-4CEC-BCD5-DAD4E60EA6C1}.Release|Any CPU.Build.0 = Release|Any CPU
		{10D93908-AE59-4B59-A030-37450194F303}.Debug|Any CPU.ActiveCfg = Debug|Any CPU
		{10D93908-AE59-4B59-A030-37450194F303}.Debug|Any CPU.Build.0 = Debug|Any CPU
		{10D93908-AE59-4B59-A030-37450194F303}.Release|Any CPU.ActiveCfg = Release|Any CPU
		{10D93908-AE59-4B59-A030-37450194F303}.Release|Any CPU.Build.0 = Release|Any CPU
	EndGlobalSection
	GlobalSection(SolutionProperties) = preSolution
		HideSolutionNode = FALSE
	EndGlobalSection
	GlobalSection(ExtensibilityGlobals) = postSolution
		SolutionGuid = {D8DD5D77-2AF5-448A-BD34-7485748F4AC6}
	EndGlobalSection
EndGlobal
