
Microsoft Visual Studio Solution File, Format Version 12.00
# Visual Studio Version 17
VisualStudioVersion = 17.7.34221.43
MinimumVisualStudioVersion = 10.0.40219.1
Project("{FAE04EC0-301F-11D3-BF4B-00C04F79EFBC}") = "App_ConsultaPrestamosDeportivos", "App_ConsultaPrestamosDeportivos.csproj", "{949C1A7F-7D94-4DCB-8AE0-FF12E1FB5CE3}"
EndProject
Global
	GlobalSection(SolutionConfigurationPlatforms) = preSolution
		Debug|Any CPU = Debug|Any CPU
		Release|Any CPU = Release|Any CPU
	EndGlobalSection
	GlobalSection(ProjectConfigurationPlatforms) = postSolution
		{949C1A7F-7D94-4DCB-8AE0-FF12E1FB5CE3}.Debug|Any CPU.ActiveCfg = Debug|Any CPU
		{949C1A7F-7D94-4DCB-8AE0-FF12E1FB5CE3}.Debug|Any CPU.Build.0 = Debug|Any CPU
		{949C1A7F-7D94-4DCB-8AE0-FF12E1FB5CE3}.Release|Any CPU.ActiveCfg = Release|Any CPU
		{949C1A7F-7D94-4DCB-8AE0-FF12E1FB5CE3}.Release|Any CPU.Build.0 = Release|Any CPU
	EndGlobalSection
	GlobalSection(SolutionProperties) = preSolution
		HideSolutionNode = FALSE
	EndGlobalSection
	GlobalSection(ExtensibilityGlobals) = postSolution
		SolutionGuid = {D084C1E2-17FE-488C-A9A2-63ADC4E27298}
	EndGlobalSection
EndGlobal
